{
  "name": "paquete",
  "version": "1.0.0",
  "lockfileVersion": 1,
  "requires": true,
  "dependencies": {
    "countries-list": {
      "version": "2.5.4",
      "resolved": "https://registry.npmjs.org/countries-list/-/countries-list-2.5.4.tgz",
      "integrity": "sha512-6+AIKth3MCOEWTLOVTgR7zTe6oH3JlL0MworsJwIyG0jQi+cKeChOEPvcKszNtGAuCp7p+OrqdxPWxjhu8LqoA=="
    },
    "git": {
      "version": "0.1.5",
      "resolved": "https://registry.npmjs.org/git/-/git-0.1.5.tgz",
      "integrity": "sha1-nvYt+T+FHCdUIUO/UtHGixAXyhU=",
      "requires": {
        "mime": "1.2.9"
      }
    },
    "mime": {
      "version": "1.2.9",
      "resolved": "https://registry.npmjs.org/mime/-/mime-1.2.9.tgz",
      "integrity": "sha1-AJzUCGe9Nd5SGzuWbwTi+NTRPQk="
    }
  }
}
